
Microsoft Visual Studio Solution File, Format Version 12.00
# Visual Studio Version 17
VisualStudioVersion = 17.4.33213.308
MinimumVisualStudioVersion = 10.0.40219.1
Project("{9A19103F-16F7-4668-BE54-9A1E7A4F7556}") = "MedsofAppMVP", "AddPatientePage\MedsofAppMVP.csproj", "{732531FE-B3B8-4F53-AB69-3B43C76CDF3B}"
EndProject
Project("{FAE04EC0-301F-11D3-BF4B-00C04F79EFBC}") = "MedSoftAppRepo", "MedSoftAppRepo\MedSoftAppRepo.csproj", "{D24A6B84-C899-4623-A62E-C03B707209FC}"
EndProject
Global
	GlobalSection(SolutionConfigurationPlatforms) = preSolution
		Debug|Any CPU = Debug|Any CPU
		Release|Any CPU = Release|Any CPU
	EndGlobalSection
	GlobalSection(ProjectConfigurationPlatforms) = postSolution
		{732531FE-B3B8-4F53-AB69-3B43C76CDF3B}.Debug|Any CPU.ActiveCfg = Debug|Any CPU
		{732531FE-B3B8-4F53-AB69-3B43C76CDF3B}.Debug|Any CPU.Build.0 = Debug|Any CPU
		{732531FE-B3B8-4F53-AB69-3B43C76CDF3B}.Release|Any CPU.ActiveCfg = Release|Any CPU
		{732531FE-B3B8-4F53-AB69-3B43C76CDF3B}.Release|Any CPU.Build.0 = Release|Any CPU
		{D24A6B84-C899-4623-A62E-C03B707209FC}.Debug|Any CPU.ActiveCfg = Debug|Any CPU
		{D24A6B84-C899-4623-A62E-C03B707209FC}.Debug|Any CPU.Build.0 = Debug|Any CPU
		{D24A6B84-C899-4623-A62E-C03B707209FC}.Release|Any CPU.ActiveCfg = Release|Any CPU
		{D24A6B84-C899-4623-A62E-C03B707209FC}.Release|Any CPU.Build.0 = Release|Any CPU
	EndGlobalSection
	GlobalSection(SolutionProperties) = preSolution
		HideSolutionNode = FALSE
	EndGlobalSection
	GlobalSection(ExtensibilityGlobals) = postSolution
		SolutionGuid = {24EC1A69-12BE-4A5B-A6A5-88253BA2A288}
	EndGlobalSection
EndGlobal
